
Microsoft Visual Studio Solution File, Format Version 12.00
# Visual Studio 15
VisualStudioVersion = 15.0.28307.705
MinimumVisualStudioVersion = 10.0.40219.1
Project("{FAE04EC0-301F-11D3-BF4B-00C04F79EFBC}") = "CIMLib", "CIMLib\CIMLib.csproj", "{A7BF1F9C-F18D-423E-9354-859DC3CFAFD4}"
EndProject
Project("{FAE04EC0-301F-11D3-BF4B-00C04F79EFBC}") = "vsSolutionBuildEvent", "vsSolutionBuildEvent\vsSolutionBuildEvent.csproj", "{32E44995-F621-4E77-B46A-8F65D64E7FEA}"
	ProjectSection(ProjectDependencies) = postProject
		{73919171-44B6-4536-B892-F1FCA653887C} = {73919171-44B6-4536-B892-F1FCA653887C}
		{A7BF1F9C-F18D-423E-9354-859DC3CFAFD4} = {A7BF1F9C-F18D-423E-9354-859DC3CFAFD4}
	EndProjectSection
EndProject
Project("{FAE04EC0-301F-11D3-BF4B-00C04F79EFBC}") = "vsSolutionBuildEventTest", "vsSolutionBuildEventTest\vsSolutionBuildEventTest.csproj", "{C00D04E8-8101-42F5-89DA-CBAD205CC1D3}"
EndProject
Project("{FAE04EC0-301F-11D3-BF4B-00C04F79EFBC}") = "Bridge", "Bridge\Bridge.csproj", "{73919171-44B6-4536-B892-F1FCA653887C}"
EndProject
Project("{FAE04EC0-301F-11D3-BF4B-00C04F79EFBC}") = "Devenv", "Devenv\Devenv.csproj", "{56437CBB-4AE5-4405-B928-600009D60E2D}"
	ProjectSection(ProjectDependencies) = postProject
		{73919171-44B6-4536-B892-F1FCA653887C} = {73919171-44B6-4536-B892-F1FCA653887C}
	EndProjectSection
EndProject
Project("{FAE04EC0-301F-11D3-BF4B-00C04F79EFBC}") = "CI.MSBuild", "CI.MSBuild\CI.MSBuild.csproj", "{97F0E2FF-42DB-4506-856D-8694DD99F827}"
EndProject
Project("{FAE04EC0-301F-11D3-BF4B-00C04F79EFBC}") = "Provider", "Provider\Provider.csproj", "{4F8BB8CD-1116-4F07-9B8F-06D69FB8589B}"
EndProject
Project("{FAE04EC0-301F-11D3-BF4B-00C04F79EFBC}") = "ClientDemo", "ClientDemo\ClientDemo.csproj", "{9673A8FC-07E1-4BB3-A97E-020481A5275E}"
EndProject
Project("{2150E333-8FDC-42A3-9474-1A3956D46DE8}") = "root", "root", "{7ADBBB81-2FA7-45CA-B97D-486C3A6624D3}"
	ProjectSection(SolutionItems) = preProject
		.gitignore = .gitignore
		.vssbe = .vssbe
		3rd-party = 3rd-party
		appveyor.yml = appveyor.yml
		AUTHORS = AUTHORS
		build_[CI_Debug].bat = build_[CI_Debug].bat
		build_[CI_Release].bat = build_[CI_Release].bat
		changelog.txt = changelog.txt
		LICENSE = LICENSE
		README.md = README.md
		Version.tpl = Version.tpl
		vsSBE.CI.MSBuild.nuspec.tpl = vsSBE.CI.MSBuild.nuspec.tpl
	EndProjectSection
EndProject
Project("{2150E333-8FDC-42A3-9474-1A3956D46DE8}") = ".gnt", ".gnt", "{65FF5D56-E814-4956-89BD-7C53EC557BFE}"
	ProjectSection(SolutionItems) = preProject
		.gnt\gnt.core = .gnt\gnt.core
		.gnt\packages.config = .gnt\packages.config
	EndProjectSection
EndProject
Project("{2150E333-8FDC-42A3-9474-1A3956D46DE8}") = "tools", "tools", "{849DD790-F856-493C-A19E-2560A21F6AF1}"
	ProjectSection(SolutionItems) = preProject
		tools\gnt.bat = tools\gnt.bat
		tools\msbuild.bat = tools\msbuild.bat
		tools\powershell.bat = tools\powershell.bat
	EndProjectSection
EndProject
Project("{2150E333-8FDC-42A3-9474-1A3956D46DE8}") = "VsixLib", "VsixLib", "{A6FD95A3-7093-47C2-9183-5629ABC4A955}"
	ProjectSection(SolutionItems) = preProject
		VsixLib.targets = VsixLib.targets
	EndProjectSection
EndProject
Global
	GlobalSection(SolutionConfigurationPlatforms) = preSolution
		DBG_SDK10|Any CPU = DBG_SDK10|Any CPU
		DBG_SDK15|Any CPU = DBG_SDK15|Any CPU
		DCI_SDK10|Any CPU = DCI_SDK10|Any CPU
		DCI_SDK15|Any CPU = DCI_SDK15|Any CPU
		RCI_SDK10|Any CPU = RCI_SDK10|Any CPU
		RCI_SDK15|Any CPU = RCI_SDK15|Any CPU
		REL_SDK10|Any CPU = REL_SDK10|Any CPU
		REL_SDK15|Any CPU = REL_SDK15|Any CPU
	EndGlobalSection
	GlobalSection(ProjectConfigurationPlatforms) = postSolution
		{A7BF1F9C-F18D-423E-9354-859DC3CFAFD4}.DBG_SDK10|Any CPU.ActiveCfg = REL_SDK10|Any CPU
		{A7BF1F9C-F18D-423E-9354-859DC3CFAFD4}.DBG_SDK10|Any CPU.Build.0 = REL_SDK10|Any CPU
		{A7BF1F9C-F18D-423E-9354-859DC3CFAFD4}.DBG_SDK15|Any CPU.ActiveCfg = REL_SDK15|Any CPU
		{A7BF1F9C-F18D-423E-9354-859DC3CFAFD4}.DBG_SDK15|Any CPU.Build.0 = REL_SDK15|Any CPU
		{A7BF1F9C-F18D-423E-9354-859DC3CFAFD4}.DCI_SDK10|Any CPU.ActiveCfg = REL_SDK10|Any CPU
		{A7BF1F9C-F18D-423E-9354-859DC3CFAFD4}.DCI_SDK10|Any CPU.Build.0 = REL_SDK10|Any CPU
		{A7BF1F9C-F18D-423E-9354-859DC3CFAFD4}.DCI_SDK15|Any CPU.ActiveCfg = REL_SDK15|Any CPU
		{A7BF1F9C-F18D-423E-9354-859DC3CFAFD4}.DCI_SDK15|Any CPU.Build.0 = REL_SDK15|Any CPU
		{A7BF1F9C-F18D-423E-9354-859DC3CFAFD4}.RCI_SDK10|Any CPU.ActiveCfg = REL_SDK10|Any CPU
		{A7BF1F9C-F18D-423E-9354-859DC3CFAFD4}.RCI_SDK10|Any CPU.Build.0 = REL_SDK10|Any CPU
		{A7BF1F9C-F18D-423E-9354-859DC3CFAFD4}.RCI_SDK15|Any CPU.ActiveCfg = REL_SDK15|Any CPU
		{A7BF1F9C-F18D-423E-9354-859DC3CFAFD4}.RCI_SDK15|Any CPU.Build.0 = REL_SDK15|Any CPU
		{A7BF1F9C-F18D-423E-9354-859DC3CFAFD4}.REL_SDK10|Any CPU.ActiveCfg = REL_SDK10|Any CPU
		{A7BF1F9C-F18D-423E-9354-859DC3CFAFD4}.REL_SDK10|Any CPU.Build.0 = REL_SDK10|Any CPU
		{A7BF1F9C-F18D-423E-9354-859DC3CFAFD4}.REL_SDK15|Any CPU.ActiveCfg = REL_SDK15|Any CPU
		{A7BF1F9C-F18D-423E-9354-859DC3CFAFD4}.REL_SDK15|Any CPU.Build.0 = REL_SDK15|Any CPU
		{32E44995-F621-4E77-B46A-8F65D64E7FEA}.DBG_SDK10|Any CPU.ActiveCfg = DBG_SDK10|Any CPU
		{32E44995-F621-4E77-B46A-8F65D64E7FEA}.DBG_SDK10|Any CPU.Build.0 = DBG_SDK10|Any CPU
		{32E44995-F621-4E77-B46A-8F65D64E7FEA}.DBG_SDK15|Any CPU.ActiveCfg = DBG_SDK15|Any CPU
		{32E44995-F621-4E77-B46A-8F65D64E7FEA}.DBG_SDK15|Any CPU.Build.0 = DBG_SDK15|Any CPU
		{32E44995-F621-4E77-B46A-8F65D64E7FEA}.DCI_SDK10|Any CPU.ActiveCfg = DCI_SDK10|Any CPU
		{32E44995-F621-4E77-B46A-8F65D64E7FEA}.DCI_SDK10|Any CPU.Build.0 = DCI_SDK10|Any CPU
		{32E44995-F621-4E77-B46A-8F65D64E7FEA}.DCI_SDK15|Any CPU.ActiveCfg = DCI_SDK15|Any CPU
		{32E44995-F621-4E77-B46A-8F65D64E7FEA}.DCI_SDK15|Any CPU.Build.0 = DCI_SDK15|Any CPU
		{32E44995-F621-4E77-B46A-8F65D64E7FEA}.RCI_SDK10|Any CPU.ActiveCfg = RCI_SDK10|Any CPU
		{32E44995-F621-4E77-B46A-8F65D64E7FEA}.RCI_SDK10|Any CPU.Build.0 = RCI_SDK10|Any CPU
		{32E44995-F621-4E77-B46A-8F65D64E7FEA}.RCI_SDK15|Any CPU.ActiveCfg = RCI_SDK15|Any CPU
		{32E44995-F621-4E77-B46A-8F65D64E7FEA}.RCI_SDK15|Any CPU.Build.0 = RCI_SDK15|Any CPU
		{32E44995-F621-4E77-B46A-8F65D64E7FEA}.REL_SDK10|Any CPU.ActiveCfg = REL_SDK10|Any CPU
		{32E44995-F621-4E77-B46A-8F65D64E7FEA}.REL_SDK10|Any CPU.Build.0 = REL_SDK10|Any CPU
		{32E44995-F621-4E77-B46A-8F65D64E7FEA}.REL_SDK15|Any CPU.ActiveCfg = REL_SDK15|Any CPU
		{32E44995-F621-4E77-B46A-8F65D64E7FEA}.REL_SDK15|Any CPU.Build.0 = REL_SDK15|Any CPU
		{C00D04E8-8101-42F5-89DA-CBAD205CC1D3}.DBG_SDK10|Any CPU.ActiveCfg = DBG_SDK10|Any CPU
		{C00D04E8-8101-42F5-89DA-CBAD205CC1D3}.DBG_SDK10|Any CPU.Build.0 = DBG_SDK10|Any CPU
		{C00D04E8-8101-42F5-89DA-CBAD205CC1D3}.DBG_SDK15|Any CPU.ActiveCfg = DBG_SDK15|Any CPU
		{C00D04E8-8101-42F5-89DA-CBAD205CC1D3}.DBG_SDK15|Any CPU.Build.0 = DBG_SDK15|Any CPU
		{C00D04E8-8101-42F5-89DA-CBAD205CC1D3}.DCI_SDK10|Any CPU.ActiveCfg = DBG_SDK10|Any CPU
		{C00D04E8-8101-42F5-89DA-CBAD205CC1D3}.DCI_SDK10|Any CPU.Build.0 = DBG_SDK10|Any CPU
		{C00D04E8-8101-42F5-89DA-CBAD205CC1D3}.DCI_SDK15|Any CPU.ActiveCfg = DBG_SDK15|Any CPU
		{C00D04E8-8101-42F5-89DA-CBAD205CC1D3}.DCI_SDK15|Any CPU.Build.0 = DBG_SDK15|Any CPU
		{C00D04E8-8101-42F5-89DA-CBAD205CC1D3}.RCI_SDK10|Any CPU.ActiveCfg = REL_SDK10|Any CPU
		{C00D04E8-8101-42F5-89DA-CBAD205CC1D3}.RCI_SDK10|Any CPU.Build.0 = REL_SDK10|Any CPU
		{C00D04E8-8101-42F5-89DA-CBAD205CC1D3}.RCI_SDK15|Any CPU.ActiveCfg = REL_SDK15|Any CPU
		{C00D04E8-8101-42F5-89DA-CBAD205CC1D3}.RCI_SDK15|Any CPU.Build.0 = REL_SDK15|Any CPU
		{C00D04E8-8101-42F5-89DA-CBAD205CC1D3}.REL_SDK10|Any CPU.ActiveCfg = REL_SDK10|Any CPU
		{C00D04E8-8101-42F5-89DA-CBAD205CC1D3}.REL_SDK10|Any CPU.Build.0 = REL_SDK10|Any CPU
		{C00D04E8-8101-42F5-89DA-CBAD205CC1D3}.REL_SDK15|Any CPU.ActiveCfg = REL_SDK15|Any CPU
		{C00D04E8-8101-42F5-89DA-CBAD205CC1D3}.REL_SDK15|Any CPU.Build.0 = REL_SDK15|Any CPU
		{73919171-44B6-4536-B892-F1FCA653887C}.DBG_SDK10|Any CPU.ActiveCfg = DBG_SDK10|Any CPU
		{73919171-44B6-4536-B892-F1FCA653887C}.DBG_SDK10|Any CPU.Build.0 = DBG_SDK10|Any CPU
		{73919171-44B6-4536-B892-F1FCA653887C}.DBG_SDK15|Any CPU.ActiveCfg = DBG_SDK15|Any CPU
		{73919171-44B6-4536-B892-F1FCA653887C}.DBG_SDK15|Any CPU.Build.0 = DBG_SDK15|Any CPU
		{73919171-44B6-4536-B892-F1FCA653887C}.DCI_SDK10|Any CPU.ActiveCfg = DBG_SDK10|Any CPU
		{73919171-44B6-4536-B892-F1FCA653887C}.DCI_SDK10|Any CPU.Build.0 = DBG_SDK10|Any CPU
		{73919171-44B6-4536-B892-F1FCA653887C}.DCI_SDK15|Any CPU.ActiveCfg = DBG_SDK15|Any CPU
		{73919171-44B6-4536-B892-F1FCA653887C}.DCI_SDK15|Any CPU.Build.0 = DBG_SDK15|Any CPU
		{73919171-44B6-4536-B892-F1FCA653887C}.RCI_SDK10|Any CPU.ActiveCfg = REL_SDK10|Any CPU
		{73919171-44B6-4536-B892-F1FCA653887C}.RCI_SDK10|Any CPU.Build.0 = REL_SDK10|Any CPU
		{73919171-44B6-4536-B892-F1FCA653887C}.RCI_SDK15|Any CPU.ActiveCfg = REL_SDK15|Any CPU
		{73919171-44B6-4536-B892-F1FCA653887C}.RCI_SDK15|Any CPU.Build.0 = REL_SDK15|Any CPU
		{73919171-44B6-4536-B892-F1FCA653887C}.REL_SDK10|Any CPU.ActiveCfg = REL_SDK10|Any CPU
		{73919171-44B6-4536-B892-F1FCA653887C}.REL_SDK10|Any CPU.Build.0 = REL_SDK10|Any CPU
		{73919171-44B6-4536-B892-F1FCA653887C}.REL_SDK15|Any CPU.ActiveCfg = REL_SDK15|Any CPU
		{73919171-44B6-4536-B892-F1FCA653887C}.REL_SDK15|Any CPU.Build.0 = REL_SDK15|Any CPU
		{56437CBB-4AE5-4405-B928-600009D60E2D}.DBG_SDK10|Any CPU.ActiveCfg = DBG_SDK10|Any CPU
		{56437CBB-4AE5-4405-B928-600009D60E2D}.DBG_SDK10|Any CPU.Build.0 = DBG_SDK10|Any CPU
		{56437CBB-4AE5-4405-B928-600009D60E2D}.DBG_SDK15|Any CPU.ActiveCfg = DBG_SDK15|Any CPU
		{56437CBB-4AE5-4405-B928-600009D60E2D}.DBG_SDK15|Any CPU.Build.0 = DBG_SDK15|Any CPU
		{56437CBB-4AE5-4405-B928-600009D60E2D}.DCI_SDK10|Any CPU.ActiveCfg = DBG_SDK10|Any CPU
		{56437CBB-4AE5-4405-B928-600009D60E2D}.DCI_SDK10|Any CPU.Build.0 = DBG_SDK10|Any CPU
		{56437CBB-4AE5-4405-B928-600009D60E2D}.DCI_SDK15|Any CPU.ActiveCfg = DBG_SDK15|Any CPU
		{56437CBB-4AE5-4405-B928-600009D60E2D}.DCI_SDK15|Any CPU.Build.0 = DBG_SDK15|Any CPU
		{56437CBB-4AE5-4405-B928-600009D60E2D}.RCI_SDK10|Any CPU.ActiveCfg = REL_SDK10|Any CPU
		{56437CBB-4AE5-4405-B928-600009D60E2D}.RCI_SDK10|Any CPU.Build.0 = REL_SDK10|Any CPU
		{56437CBB-4AE5-4405-B928-600009D60E2D}.RCI_SDK15|Any CPU.ActiveCfg = REL_SDK15|Any CPU
		{56437CBB-4AE5-4405-B928-600009D60E2D}.RCI_SDK15|Any CPU.Build.0 = REL_SDK15|Any CPU
		{56437CBB-4AE5-4405-B928-600009D60E2D}.REL_SDK10|Any CPU.ActiveCfg = REL_SDK10|Any CPU
		{56437CBB-4AE5-4405-B928-600009D60E2D}.REL_SDK10|Any CPU.Build.0 = REL_SDK10|Any CPU
		{56437CBB-4AE5-4405-B928-600009D60E2D}.REL_SDK15|Any CPU.ActiveCfg = REL_SDK15|Any CPU
		{56437CBB-4AE5-4405-B928-600009D60E2D}.REL_SDK15|Any CPU.Build.0 = REL_SDK15|Any CPU
		{97F0E2FF-42DB-4506-856D-8694DD99F827}.DBG_SDK10|Any CPU.ActiveCfg = DBG_SDK10|Any CPU
		{97F0E2FF-42DB-4506-856D-8694DD99F827}.DBG_SDK10|Any CPU.Build.0 = DBG_SDK10|Any CPU
		{97F0E2FF-42DB-4506-856D-8694DD99F827}.DBG_SDK15|Any CPU.ActiveCfg = DBG_SDK15|Any CPU
		{97F0E2FF-42DB-4506-856D-8694DD99F827}.DBG_SDK15|Any CPU.Build.0 = DBG_SDK15|Any CPU
		{97F0E2FF-42DB-4506-856D-8694DD99F827}.DCI_SDK10|Any CPU.ActiveCfg = DBG_SDK10|Any CPU
		{97F0E2FF-42DB-4506-856D-8694DD99F827}.DCI_SDK10|Any CPU.Build.0 = DBG_SDK10|Any CPU
		{97F0E2FF-42DB-4506-856D-8694DD99F827}.DCI_SDK15|Any CPU.ActiveCfg = DBG_SDK15|Any CPU
		{97F0E2FF-42DB-4506-856D-8694DD99F827}.DCI_SDK15|Any CPU.Build.0 = DBG_SDK15|Any CPU
		{97F0E2FF-42DB-4506-856D-8694DD99F827}.RCI_SDK10|Any CPU.ActiveCfg = REL_SDK10|Any CPU
		{97F0E2FF-42DB-4506-856D-8694DD99F827}.RCI_SDK10|Any CPU.Build.0 = REL_SDK10|Any CPU
		{97F0E2FF-42DB-4506-856D-8694DD99F827}.RCI_SDK15|Any CPU.ActiveCfg = REL_SDK15|Any CPU
		{97F0E2FF-42DB-4506-856D-8694DD99F827}.RCI_SDK15|Any CPU.Build.0 = REL_SDK15|Any CPU
		{97F0E2FF-42DB-4506-856D-8694DD99F827}.REL_SDK10|Any CPU.ActiveCfg = REL_SDK10|Any CPU
		{97F0E2FF-42DB-4506-856D-8694DD99F827}.REL_SDK10|Any CPU.Build.0 = REL_SDK10|Any CPU
		{97F0E2FF-42DB-4506-856D-8694DD99F827}.REL_SDK15|Any CPU.ActiveCfg = REL_SDK15|Any CPU
		{97F0E2FF-42DB-4506-856D-8694DD99F827}.REL_SDK15|Any CPU.Build.0 = REL_SDK15|Any CPU
		{4F8BB8CD-1116-4F07-9B8F-06D69FB8589B}.DBG_SDK10|Any CPU.ActiveCfg = DBG_SDK10|Any CPU
		{4F8BB8CD-1116-4F07-9B8F-06D69FB8589B}.DBG_SDK10|Any CPU.Build.0 = DBG_SDK10|Any CPU
		{4F8BB8CD-1116-4F07-9B8F-06D69FB8589B}.DBG_SDK15|Any CPU.ActiveCfg = DBG_SDK15|Any CPU
		{4F8BB8CD-1116-4F07-9B8F-06D69FB8589B}.DBG_SDK15|Any CPU.Build.0 = DBG_SDK15|Any CPU
		{4F8BB8CD-1116-4F07-9B8F-06D69FB8589B}.DCI_SDK10|Any CPU.ActiveCfg = DBG_SDK10|Any CPU
		{4F8BB8CD-1116-4F07-9B8F-06D69FB8589B}.DCI_SDK10|Any CPU.Build.0 = DBG_SDK10|Any CPU
		{4F8BB8CD-1116-4F07-9B8F-06D69FB8589B}.DCI_SDK15|Any CPU.ActiveCfg = DBG_SDK15|Any CPU
		{4F8BB8CD-1116-4F07-9B8F-06D69FB8589B}.DCI_SDK15|Any CPU.Build.0 = DBG_SDK15|Any CPU
		{4F8BB8CD-1116-4F07-9B8F-06D69FB8589B}.RCI_SDK10|Any CPU.ActiveCfg = REL_SDK10|Any CPU
		{4F8BB8CD-1116-4F07-9B8F-06D69FB8589B}.RCI_SDK10|Any CPU.Build.0 = REL_SDK10|Any CPU
		{4F8BB8CD-1116-4F07-9B8F-06D69FB8589B}.RCI_SDK15|Any CPU.ActiveCfg = REL_SDK15|Any CPU
		{4F8BB8CD-1116-4F07-9B8F-06D69FB8589B}.RCI_SDK15|Any CPU.Build.0 = REL_SDK15|Any CPU
		{4F8BB8CD-1116-4F07-9B8F-06D69FB8589B}.REL_SDK10|Any CPU.ActiveCfg = REL_SDK10|Any CPU
		{4F8BB8CD-1116-4F07-9B8F-06D69FB8589B}.REL_SDK10|Any CPU.Build.0 = REL_SDK10|Any CPU
		{4F8BB8CD-1116-4F07-9B8F-06D69FB8589B}.REL_SDK15|Any CPU.ActiveCfg = REL_SDK15|Any CPU
		{4F8BB8CD-1116-4F07-9B8F-06D69FB8589B}.REL_SDK15|Any CPU.Build.0 = REL_SDK15|Any CPU
		{9673A8FC-07E1-4BB3-A97E-020481A5275E}.DBG_SDK10|Any CPU.ActiveCfg = DBG_SDK10|Any CPU
		{9673A8FC-07E1-4BB3-A97E-020481A5275E}.DBG_SDK10|Any CPU.Build.0 = DBG_SDK10|Any CPU
		{9673A8FC-07E1-4BB3-A97E-020481A5275E}.DBG_SDK15|Any CPU.ActiveCfg = DBG_SDK15|Any CPU
		{9673A8FC-07E1-4BB3-A97E-020481A5275E}.DBG_SDK15|Any CPU.Build.0 = DBG_SDK15|Any CPU
		{9673A8FC-07E1-4BB3-A97E-020481A5275E}.DCI_SDK10|Any CPU.ActiveCfg = DBG_SDK10|Any CPU
		{9673A8FC-07E1-4BB3-A97E-020481A5275E}.DCI_SDK10|Any CPU.Build.0 = DBG_SDK10|Any CPU
		{9673A8FC-07E1-4BB3-A97E-020481A5275E}.DCI_SDK15|Any CPU.ActiveCfg = DBG_SDK15|Any CPU
		{9673A8FC-07E1-4BB3-A97E-020481A5275E}.DCI_SDK15|Any CPU.Build.0 = DBG_SDK15|Any CPU
		{9673A8FC-07E1-4BB3-A97E-020481A5275E}.RCI_SDK10|Any CPU.ActiveCfg = REL_SDK10|Any CPU
		{9673A8FC-07E1-4BB3-A97E-020481A5275E}.RCI_SDK10|Any CPU.Build.0 = REL_SDK10|Any CPU
		{9673A8FC-07E1-4BB3-A97E-020481A5275E}.RCI_SDK15|Any CPU.ActiveCfg = REL_SDK15|Any CPU
		{9673A8FC-07E1-4BB3-A97E-020481A5275E}.RCI_SDK15|Any CPU.Build.0 = REL_SDK15|Any CPU
		{9673A8FC-07E1-4BB3-A97E-020481A5275E}.REL_SDK10|Any CPU.ActiveCfg = REL_SDK10|Any CPU
		{9673A8FC-07E1-4BB3-A97E-020481A5275E}.REL_SDK10|Any CPU.Build.0 = REL_SDK10|Any CPU
		{9673A8FC-07E1-4BB3-A97E-020481A5275E}.REL_SDK15|Any CPU.ActiveCfg = REL_SDK15|Any CPU
		{9673A8FC-07E1-4BB3-A97E-020481A5275E}.REL_SDK15|Any CPU.Build.0 = REL_SDK15|Any CPU
	EndGlobalSection
	GlobalSection(SolutionProperties) = preSolution
		HideSolutionNode = FALSE
	EndGlobalSection
	GlobalSection(ExtensibilityGlobals) = postSolution
		SolutionGuid = {6B03C68E-11BB-4FD7-89D9-B15EF63899B5}
	EndGlobalSection
EndGlobal
