
Microsoft Visual Studio Solution File, Format Version 12.00
# Visual Studio 2013
VisualStudioVersion = 12.0.21005.1
MinimumVisualStudioVersion = 10.0.40219.1
Project("{FAE04EC0-301F-11D3-BF4B-00C04F79EFBC}") = "vsSolutionBuildEvent", "vsSolutionBuildEvent\vsSolutionBuildEvent_2013.csproj", "{32E44995-F621-4E77-B46A-8F65D64E7FEA}"
	ProjectSection(ProjectDependencies) = postProject
		{6F89B885-D37D-4575-9EFE-6AED587E3357} = {6F89B885-D37D-4575-9EFE-6AED587E3357}
	EndProjectSection
EndProject
Project("{FAE04EC0-301F-11D3-BF4B-00C04F79EFBC}") = "Version", "Version\Version.csproj", "{6F89B885-D37D-4575-9EFE-6AED587E3357}"
EndProject
Project("{FAE04EC0-301F-11D3-BF4B-00C04F79EFBC}") = "vsSBETest", "vsSBETest\vsSBETest_2013.csproj", "{C00D04E8-8101-42F5-89DA-CBAD205CC1D3}"
EndProject
Project("{2150E333-8FDC-42A3-9474-1A3956D46DE8}") = "Solution Items", "Solution Items", "{7ADBBB81-2FA7-45CA-B97D-486C3A6624D3}"
	ProjectSection(SolutionItems) = preProject
		Local.testsettings = Local.testsettings
		TraceAndTestImpact.testsettings = TraceAndTestImpact.testsettings
		vsSolutionBuildEvent.vsmdi = vsSolutionBuildEvent.vsmdi
	EndProjectSection
EndProject
Global
	GlobalSection(TestCaseManagementSettings) = postSolution
		CategoryFile = vsSolutionBuildEvent.vsmdi
	EndGlobalSection
	GlobalSection(SolutionConfigurationPlatforms) = preSolution
		Debug_with_revision|Any CPU = Debug_with_revision|Any CPU
		Debug_with_revision|Mixed Platforms = Debug_with_revision|Mixed Platforms
		Debug_with_revision|x86 = Debug_with_revision|x86
		Debug|Any CPU = Debug|Any CPU
		Debug|Mixed Platforms = Debug|Mixed Platforms
		Debug|x86 = Debug|x86
		Release_with_revision|Any CPU = Release_with_revision|Any CPU
		Release_with_revision|Mixed Platforms = Release_with_revision|Mixed Platforms
		Release_with_revision|x86 = Release_with_revision|x86
		Release|Any CPU = Release|Any CPU
		Release|Mixed Platforms = Release|Mixed Platforms
		Release|x86 = Release|x86
	EndGlobalSection
	GlobalSection(ProjectConfigurationPlatforms) = postSolution
		{32E44995-F621-4E77-B46A-8F65D64E7FEA}.Debug_with_revision|Any CPU.ActiveCfg = Debug_with_revision|Any CPU
		{32E44995-F621-4E77-B46A-8F65D64E7FEA}.Debug_with_revision|Any CPU.Build.0 = Debug_with_revision|Any CPU
		{32E44995-F621-4E77-B46A-8F65D64E7FEA}.Debug_with_revision|Mixed Platforms.ActiveCfg = Debug_with_revision|Any CPU
		{32E44995-F621-4E77-B46A-8F65D64E7FEA}.Debug_with_revision|Mixed Platforms.Build.0 = Debug_with_revision|Any CPU
		{32E44995-F621-4E77-B46A-8F65D64E7FEA}.Debug_with_revision|x86.ActiveCfg = Debug_with_revision|Any CPU
		{32E44995-F621-4E77-B46A-8F65D64E7FEA}.Debug_with_revision|x86.Build.0 = Debug_with_revision|Any CPU
		{32E44995-F621-4E77-B46A-8F65D64E7FEA}.Debug|Any CPU.ActiveCfg = Debug|Any CPU
		{32E44995-F621-4E77-B46A-8F65D64E7FEA}.Debug|Any CPU.Build.0 = Debug|Any CPU
		{32E44995-F621-4E77-B46A-8F65D64E7FEA}.Debug|Mixed Platforms.ActiveCfg = Debug|Any CPU
		{32E44995-F621-4E77-B46A-8F65D64E7FEA}.Debug|Mixed Platforms.Build.0 = Debug|Any CPU
		{32E44995-F621-4E77-B46A-8F65D64E7FEA}.Debug|x86.ActiveCfg = Debug|Any CPU
		{32E44995-F621-4E77-B46A-8F65D64E7FEA}.Debug|x86.Build.0 = Debug|Any CPU
		{32E44995-F621-4E77-B46A-8F65D64E7FEA}.Release_with_revision|Any CPU.ActiveCfg = Release_with_revision|Any CPU
		{32E44995-F621-4E77-B46A-8F65D64E7FEA}.Release_with_revision|Any CPU.Build.0 = Release_with_revision|Any CPU
		{32E44995-F621-4E77-B46A-8F65D64E7FEA}.Release_with_revision|Mixed Platforms.ActiveCfg = Release_with_revision|Any CPU
		{32E44995-F621-4E77-B46A-8F65D64E7FEA}.Release_with_revision|Mixed Platforms.Build.0 = Release_with_revision|Any CPU
		{32E44995-F621-4E77-B46A-8F65D64E7FEA}.Release_with_revision|x86.ActiveCfg = Release_with_revision|Any CPU
		{32E44995-F621-4E77-B46A-8F65D64E7FEA}.Release_with_revision|x86.Build.0 = Release_with_revision|Any CPU
		{32E44995-F621-4E77-B46A-8F65D64E7FEA}.Release|Any CPU.ActiveCfg = Release|Any CPU
		{32E44995-F621-4E77-B46A-8F65D64E7FEA}.Release|Any CPU.Build.0 = Release|Any CPU
		{32E44995-F621-4E77-B46A-8F65D64E7FEA}.Release|Mixed Platforms.ActiveCfg = Release|Any CPU
		{32E44995-F621-4E77-B46A-8F65D64E7FEA}.Release|Mixed Platforms.Build.0 = Release|Any CPU
		{32E44995-F621-4E77-B46A-8F65D64E7FEA}.Release|x86.ActiveCfg = Release|Any CPU
		{32E44995-F621-4E77-B46A-8F65D64E7FEA}.Release|x86.Build.0 = Release|Any CPU
		{6F89B885-D37D-4575-9EFE-6AED587E3357}.Debug_with_revision|Any CPU.ActiveCfg = Release|x86
		{6F89B885-D37D-4575-9EFE-6AED587E3357}.Debug_with_revision|Any CPU.Build.0 = Release|x86
		{6F89B885-D37D-4575-9EFE-6AED587E3357}.Debug_with_revision|Mixed Platforms.ActiveCfg = Release|x86
		{6F89B885-D37D-4575-9EFE-6AED587E3357}.Debug_with_revision|Mixed Platforms.Build.0 = Release|x86
		{6F89B885-D37D-4575-9EFE-6AED587E3357}.Debug_with_revision|x86.ActiveCfg = Release|x86
		{6F89B885-D37D-4575-9EFE-6AED587E3357}.Debug_with_revision|x86.Build.0 = Release|x86
		{6F89B885-D37D-4575-9EFE-6AED587E3357}.Debug|Any CPU.ActiveCfg = Release|x86
		{6F89B885-D37D-4575-9EFE-6AED587E3357}.Debug|Any CPU.Build.0 = Release|x86
		{6F89B885-D37D-4575-9EFE-6AED587E3357}.Debug|Mixed Platforms.ActiveCfg = Release|x86
		{6F89B885-D37D-4575-9EFE-6AED587E3357}.Debug|Mixed Platforms.Build.0 = Release|x86
		{6F89B885-D37D-4575-9EFE-6AED587E3357}.Debug|x86.ActiveCfg = Release|x86
		{6F89B885-D37D-4575-9EFE-6AED587E3357}.Debug|x86.Build.0 = Release|x86
		{6F89B885-D37D-4575-9EFE-6AED587E3357}.Release_with_revision|Any CPU.ActiveCfg = Release|x86
		{6F89B885-D37D-4575-9EFE-6AED587E3357}.Release_with_revision|Any CPU.Build.0 = Release|x86
		{6F89B885-D37D-4575-9EFE-6AED587E3357}.Release_with_revision|Mixed Platforms.ActiveCfg = Release|x86
		{6F89B885-D37D-4575-9EFE-6AED587E3357}.Release_with_revision|Mixed Platforms.Build.0 = Release|x86
		{6F89B885-D37D-4575-9EFE-6AED587E3357}.Release_with_revision|x86.ActiveCfg = Release|x86
		{6F89B885-D37D-4575-9EFE-6AED587E3357}.Release_with_revision|x86.Build.0 = Release|x86
		{6F89B885-D37D-4575-9EFE-6AED587E3357}.Release|Any CPU.ActiveCfg = Release|x86
		{6F89B885-D37D-4575-9EFE-6AED587E3357}.Release|Any CPU.Build.0 = Release|x86
		{6F89B885-D37D-4575-9EFE-6AED587E3357}.Release|Mixed Platforms.ActiveCfg = Release|x86
		{6F89B885-D37D-4575-9EFE-6AED587E3357}.Release|Mixed Platforms.Build.0 = Release|x86
		{6F89B885-D37D-4575-9EFE-6AED587E3357}.Release|x86.ActiveCfg = Release|x86
		{6F89B885-D37D-4575-9EFE-6AED587E3357}.Release|x86.Build.0 = Release|x86
		{C00D04E8-8101-42F5-89DA-CBAD205CC1D3}.Debug_with_revision|Any CPU.ActiveCfg = Debug|Any CPU
		{C00D04E8-8101-42F5-89DA-CBAD205CC1D3}.Debug_with_revision|Any CPU.Build.0 = Debug|Any CPU
		{C00D04E8-8101-42F5-89DA-CBAD205CC1D3}.Debug_with_revision|Mixed Platforms.ActiveCfg = Debug|Any CPU
		{C00D04E8-8101-42F5-89DA-CBAD205CC1D3}.Debug_with_revision|Mixed Platforms.Build.0 = Debug|Any CPU
		{C00D04E8-8101-42F5-89DA-CBAD205CC1D3}.Debug_with_revision|x86.ActiveCfg = Debug|Any CPU
		{C00D04E8-8101-42F5-89DA-CBAD205CC1D3}.Debug_with_revision|x86.Build.0 = Debug|Any CPU
		{C00D04E8-8101-42F5-89DA-CBAD205CC1D3}.Debug|Any CPU.ActiveCfg = Debug|Any CPU
		{C00D04E8-8101-42F5-89DA-CBAD205CC1D3}.Debug|Any CPU.Build.0 = Debug|Any CPU
		{C00D04E8-8101-42F5-89DA-CBAD205CC1D3}.Debug|Mixed Platforms.ActiveCfg = Debug|Any CPU
		{C00D04E8-8101-42F5-89DA-CBAD205CC1D3}.Debug|Mixed Platforms.Build.0 = Debug|Any CPU
		{C00D04E8-8101-42F5-89DA-CBAD205CC1D3}.Debug|x86.ActiveCfg = Debug|Any CPU
		{C00D04E8-8101-42F5-89DA-CBAD205CC1D3}.Debug|x86.Build.0 = Debug|Any CPU
		{C00D04E8-8101-42F5-89DA-CBAD205CC1D3}.Release_with_revision|Any CPU.ActiveCfg = Release|Any CPU
		{C00D04E8-8101-42F5-89DA-CBAD205CC1D3}.Release_with_revision|Any CPU.Build.0 = Release|Any CPU
		{C00D04E8-8101-42F5-89DA-CBAD205CC1D3}.Release_with_revision|Mixed Platforms.ActiveCfg = Release|Any CPU
		{C00D04E8-8101-42F5-89DA-CBAD205CC1D3}.Release_with_revision|Mixed Platforms.Build.0 = Release|Any CPU
		{C00D04E8-8101-42F5-89DA-CBAD205CC1D3}.Release_with_revision|x86.ActiveCfg = Release|Any CPU
		{C00D04E8-8101-42F5-89DA-CBAD205CC1D3}.Release_with_revision|x86.Build.0 = Release|Any CPU
		{C00D04E8-8101-42F5-89DA-CBAD205CC1D3}.Release|Any CPU.ActiveCfg = Release|Any CPU
		{C00D04E8-8101-42F5-89DA-CBAD205CC1D3}.Release|Any CPU.Build.0 = Release|Any CPU
		{C00D04E8-8101-42F5-89DA-CBAD205CC1D3}.Release|Mixed Platforms.ActiveCfg = Release|Any CPU
		{C00D04E8-8101-42F5-89DA-CBAD205CC1D3}.Release|Mixed Platforms.Build.0 = Release|Any CPU
		{C00D04E8-8101-42F5-89DA-CBAD205CC1D3}.Release|x86.ActiveCfg = Release|Any CPU
		{C00D04E8-8101-42F5-89DA-CBAD205CC1D3}.Release|x86.Build.0 = Release|Any CPU
	EndGlobalSection
	GlobalSection(SolutionProperties) = preSolution
		HideSolutionNode = FALSE
	EndGlobalSection
EndGlobal
